version = 1
revision = 3
requires-python = ">=3.10"
resolution-markers = [
    "python_full_version >= '3.11' and sys_platform != 'darwin'",
    "python_full_version < '3.11' and sys_platform != 'darwin'",
    "python_full_version >= '3.11' and sys_platform == 'darwin'",
    "python_full_version < '3.11' and sys_platform == 'darwin'",
]

[[package]]
name = "filelock"
version = "3.25.2"
source = { registry = "https://download.pytorch.org/whl/cpu" }
sdist = { url = "https://files.pythonhosted.org/packages/94/b8/00651a0f559862f3bb7d6f7477b192afe3f583cc5e26403b44e59a55ab34/filelock-3.25.2.tar.gz", hash = "sha256:b64ece2b38f4ca29dd3e810287aa8c48182bbecd1ae6e9ae126c9b35f1382694" }
wheels = [
    { url = "https://files.pythonhosted.org/packages/a4/a5/842ae8f0c08b61d6484b52f99a03510a3a72d23141942d216ebe81fefbce/filelock-3.25.2-py3-none-any.whl", hash = "sha256:ca8afb0da15f229774c9ad1b455ed96e85a81373065fb10446672f64444ddf70" },
]

[[package]]
name = "fsspec"
version = "2026.2.0"
source = { registry = "https://download.pytorch.org/whl/cpu" }
sdist = { url = "https://files.pythonhosted.org/packages/51/7c/f60c259dcbf4f0c47cc4ddb8f7720d2dcdc8888c8e5ad84c73ea4531cc5b/fsspec-2026.2.0.tar.gz", hash = "sha256:6544e34b16869f5aacd5b90bdf1a71acb37792ea3ddf6125ee69a22a53fb8bff" }
wheels = [
    { url = "https://files.pythonhosted.org/packages/e6/ab/fb21f4c939bb440104cc2b396d3be1d9b7a9fd3c6c2a53d98c45b3d7c954/fsspec-2026.2.0-py3-none-any.whl", hash = "sha256:98de475b5cb3bd66bedd5c4679e87b4fdfe1a3bf4d707b151b3c07e58c9a2437" },
]

[[package]]
name = "jinja2"
version = "3.1.6"
source = { registry = "https://download.pytorch.org/whl/cpu" }
dependencies = [
    { name = "markupsafe" },
]
wheels = [
    { url = "https://download.pytorch.org/whl/jinja2-3.1.6-py3-none-any.whl", upload-time = "2025-10-14T18:38:59Z" },
]

[[package]]
name = "markupsafe"
version = "3.0.3"
source = { registry = "https://download.pytorch.org/whl/cpu" }
wheels = [
    { url = "https://download.pytorch.org/whl/markupsafe-3.0.3-cp310-cp310-macosx_11_0_arm64.whl", upload-time = "2026-03-27T13:54:27Z" },
    { url = "https://download.pytorch.org/whl/markupsafe-3.0.3-cp310-cp310-manylinux2014_aarch64.manylinux_2_17_aarch64.manylinux_2_28_aarch64.whl", upload-time = "2026-03-27T13:54:27Z" },
    { url = "https://download.pytorch.org/whl/markupsafe-3.0.3-cp310-cp310-manylinux2014_x86_64.manylinux_2_17_x86_64.manylinux_2_28_x86_64.whl", upload-time = "2026-03-27T13:54:27Z" },
    { url = "https://download.pytorch.org/whl/markupsafe-3.0.3-cp310-cp310-win_amd64.whl", upload-time = "2026-03-27T13:54:29Z" },
    { url = "https://download.pytorch.org/whl/markupsafe-3.0.3-cp311-cp311-macosx_11_0_arm64.whl", upload-time = "2026-03-27T13:54:29Z" },
    { url = "https://download.pytorch.org/whl/markupsafe-3.0.3-cp311-cp311-manylinux2014_aarch64.manylinux_2_17_aarch64.manylinux_2_28_aarch64.whl", upload-time = "2026-03-27T13:54:31Z" },
    { url = "https://download.pytorch.org/whl/markupsafe-3.0.3-cp311-cp311-manylinux2014_x86_64.manylinux_2_17_x86_64.manylinux_2_28_x86_64.whl", upload-time = "2026-03-27T13:54:32Z" },
    { url = "https://download.pytorch.org/whl/markupsafe-3.0.3-cp311-cp311-win_amd64.whl", upload-time = "2026-03-27T13:54:31Z" },
    { url = "https://download.pytorch.org/whl/markupsafe-3.0.3-cp312-cp312-macosx_11_0_arm64.whl", upload-time = "2026-03-27T13:54:33Z" },
    { url = "https://download.pytorch.org/whl/markupsafe-3.0.3-cp312-cp312-manylinux2014_aarch64.manylinux_2_17_aarch64.manylinux_2_28_aarch64.whl", upload-time = "2026-03-27T13:54:33Z" },
    { url = "https://download.pytorch.org/whl/markupsafe-3.0.3-cp312-cp312-manylinux2014_x86_64.manylinux_2_17_x86_64.manylinux_2_28_x86_64.whl", upload-time = "2026-03-27T13:54:35Z" },
    { url = "https://download.pytorch.org/whl/markupsafe-3.0.3-cp312-cp312-win_amd64.whl", upload-time = "2026-03-27T13:54:35Z" },
    { url = "https://download.pytorch.org/whl/markupsafe-3.0.3-cp313-cp313-macosx_11_0_arm64.whl", upload-time = "2026-03-27T13:54:35Z" },
    { url = "https://download.pytorch.org/whl/markupsafe-3.0.3-cp313-cp313-manylinux2014_aarch64.manylinux_2_17_aarch64.manylinux_2_28_aarch64.whl", upload-time = "2026-03-27T13:54:37Z" },
    { url = "https://download.pytorch.org/whl/markupsafe-3.0.3-cp313-cp313-manylinux2014_x86_64.manylinux_2_17_x86_64.manylinux_2_28_x86_64.whl", upload-time = "2026-03-27T13:54:37Z" },
    { url = "https://download.pytorch.org/whl/markupsafe-3.0.3-cp313-cp313-win_amd64.whl", upload-time = "2026-03-27T13:54:39Z" },
    { url = "https://download.pytorch.org/whl/markupsafe-3.0.3-cp313-cp313t-macosx_11_0_arm64.whl", upload-time = "2026-03-27T13:54:39Z" },
    { url = "https://download.pytorch.org/whl/markupsafe-3.0.3-cp313-cp313t-manylinux2014_aarch64.manylinux_2_17_aarch64.manylinux_2_28_aarch64.whl", upload-time = "2026-03-27T13:54:39Z" },
    { url = "https://download.pytorch.org/whl/markupsafe-3.0.3-cp313-cp313t-manylinux2014_x86_64.manylinux_2_17_x86_64.manylinux_2_28_x86_64.whl", upload-time = "2026-03-27T13:54:41Z" },
    { url = "https://download.pytorch.org/whl/markupsafe-3.0.3-cp313-cp313t-win_amd64.whl", upload-time = "2026-03-27T13:54:41Z" },
    { url = "https://download.pytorch.org/whl/markupsafe-3.0.3-cp314-cp314-macosx_11_0_arm64.whl", upload-time = "2026-02-23T16:46:37Z" },
    { url = "https://download.pytorch.org/whl/markupsafe-3.0.3-cp314-cp314-manylinux2014_aarch64.manylinux_2_17_aarch64.manylinux_2_28_aarch64.whl", upload-time = "2026-02-23T16:46:37Z" },
    { url = "https://download.pytorch.org/whl/markupsafe-3.0.3-cp314-cp314-manylinux2014_x86_64.manylinux_2_17_x86_64.manylinux_2_28_x86_64.whl", upload-time = "2026-02-23T16:46:37Z" },
    { url = "https://download.pytorch.org/whl/markupsafe-3.0.3-cp314-cp314-win_amd64.whl", upload-time = "2026-02-23T16:46:37Z" },
    { url = "https://download.pytorch.org/whl/markupsafe-3.0.3-cp314-cp314t-macosx_11_0_arm64.whl", upload-time = "2026-02-23T16:46:39Z" },
    { url = "https://download.pytorch.org/whl/markupsafe-3.0.3-cp314-cp314t-manylinux2014_aarch64.manylinux_2_17_aarch64.manylinux_2_28_aarch64.whl", upload-time = "2026-02-23T16:46:41Z" },
    { url = "https://download.pytorch.org/whl/markupsafe-3.0.3-cp314-cp314t-manylinux2014_x86_64.manylinux_2_17_x86_64.manylinux_2_28_x86_64.whl", upload-time = "2026-02-23T16:46:41Z" },
    { url = "https://download.pytorch.org/whl/markupsafe-3.0.3-cp314-cp314t-win_amd64.whl", upload-time = "2026-02-23T16:46:41Z" },
]

[[package]]
name = "mpmath"
version = "1.3.0"
source = { registry = "https://download.pytorch.org/whl/cpu" }
sdist = { url = "https://files.pythonhosted.org/packages/e0/47/dd32fa426cc72114383ac549964eecb20ecfd886d1e5ccf5340b55b02f57/mpmath-1.3.0.tar.gz", hash = "sha256:7a28eb2a9774d00c7bc92411c19a89209d5da7c4c9a9e227be8330a23a25b91f" }
wheels = [
    { url = "https://files.pythonhosted.org/packages/43/e3/7d92a15f894aa0c9c4b49b8ee9ac9850d6e63b03c9c32c0367a13ae62209/mpmath-1.3.0-py3-none-any.whl", hash = "sha256:a0b2b9fe80bbcd81a6647ff13108738cfb482d481d826cc0e02f5b35e5c88d2c" },
]

[[package]]
name = "networkx"
version = "3.4.2"
source = { registry = "https://download.pytorch.org/whl/cpu" }
resolution-markers = [
    "python_full_version < '3.11' and sys_platform != 'darwin'",
    "python_full_version < '3.11' and sys_platform == 'darwin'",
]
sdist = { url = "https://files.pythonhosted.org/packages/fd/1d/06475e1cd5264c0b870ea2cc6fdb3e37177c1e565c43f56ff17a10e3937f/networkx-3.4.2.tar.gz", hash = "sha256:307c3669428c5362aab27c8a1260aa8f47c4e91d3891f48be0141738d8d053e1" }
wheels = [
    { url = "https://files.pythonhosted.org/packages/b9/54/dd730b32ea14ea797530a4479b2ed46a6fb250f682a9cfb997e968bf0261/networkx-3.4.2-py3-none-any.whl", hash = "sha256:df5d4365b724cf81b8c6a7312509d0c22386097011ad1abe274afd5e9d3bbc5f" },
]

[[package]]
name = "networkx"
version = "3.6.1"
source = { registry = "https://download.pytorch.org/whl/cpu" }
resolution-markers = [
    "python_full_version >= '3.11' and sys_platform != 'darwin'",
    "python_full_version >= '3.11' and sys_platform == 'darwin'",
]
sdist = { url = "https://files.pythonhosted.org/packages/6a/51/63fe664f3908c97be9d2e4f1158eb633317598cfa6e1fc14af5383f17512/networkx-3.6.1.tar.gz", hash = "sha256:26b7c357accc0c8cde558ad486283728b65b6a95d85ee1cd66bafab4c8168509" }
wheels = [
    { url = "https://files.pythonhosted.org/packages/9e/c9/b2622292ea83fbb4ec318f5b9ab867d0a28ab43c5717bb85b0a5f6b3b0a4/networkx-3.6.1-py3-none-any.whl", hash = "sha256:d47fbf302e7d9cbbb9e2555a0d267983d2aa476bac30e90dfbe5669bd57f3762" },
]

[[package]]
name = "pytorch-ocl"
version = "0.1.0"
source = { editable = "." }
dependencies = [
    { name = "torch", version = "2.11.0", source = { registry = "https://download.pytorch.org/whl/cpu" }, marker = "sys_platform == 'darwin'" },
    { name = "torch", version = "2.11.0+cpu", source = { registry = "https://download.pytorch.org/whl/cpu" }, marker = "sys_platform != 'darwin'" },
]

[package.metadata]
requires-dist = [{ name = "torch", index = "https://download.pytorch.org/whl/cpu" }]

[[package]]
name = "setuptools"
version = "70.2.0"
source = { registry = "https://download.pytorch.org/whl/cpu" }
wheels = [
    { url = "https://download.pytorch.org/whl/setuptools-70.2.0-py3-none-any.whl", hash = "sha256:b8b8060bb426838fbe942479c90296ce976249451118ef566a5a0b7d8b78fb05", upload-time = "2025-01-30T19:44:58Z" },
]

[[package]]
name = "sympy"
version = "1.14.0"
source = { registry = "https://download.pytorch.org/whl/cpu" }
dependencies = [
    { name = "mpmath" },
]
sdist = { url = "https://files.pythonhosted.org/packages/83/d3/803453b36afefb7c2bb238361cd4ae6125a569b4db67cd9e79846ba2d68c/sympy-1.14.0.tar.gz", hash = "sha256:d3d3fe8df1e5a0b42f0e7bdf50541697dbe7d23746e894990c030e2b05e72517" }
wheels = [
    { url = "https://files.pythonhosted.org/packages/a2/09/77d55d46fd61b4a135c444fc97158ef34a095e5681d0a6c10b75bf356191/sympy-1.14.0-py3-none-any.whl", hash = "sha256:e091cc3e99d2141a0ba2847328f5479b05d94a6635cb96148ccb3f34671bd8f5" },
]

[[package]]
name = "torch"
version = "2.11.0"
source = { registry = "https://download.pytorch.org/whl/cpu" }
resolution-markers = [
    "python_full_version >= '3.11' and sys_platform == 'darwin'",
    "python_full_version < '3.11' and sys_platform == 'darwin'",
]
dependencies = [
    { name = "filelock", marker = "sys_platform == 'darwin'" },
    { name = "fsspec", marker = "sys_platform == 'darwin'" },
    { name = "jinja2", marker = "sys_platform == 'darwin'" },
    { name = "networkx", version = "3.4.2", source = { registry = "https://download.pytorch.org/whl/cpu" }, marker = "python_full_version < '3.11' and sys_platform == 'darwin'" },
    { name = "networkx", version = "3.6.1", source = { registry = "https://download.pytorch.org/whl/cpu" }, marker = "python_full_version >= '3.11' and sys_platform == 'darwin'" },
    { name = "setuptools", marker = "sys_platform == 'darwin'" },
    { name = "sympy", marker = "sys_platform == 'darwin'" },
    { name = "typing-extensions", marker = "sys_platform == 'darwin'" },
]
wheels = [
    { url = "https://download-r2.pytorch.org/whl/cpu/torch-2.11.0-cp310-cp310-macosx_11_0_arm64.whl", hash = "sha256:91209c7d8a2460b76e8ff5b28b7623da4ab1d27474b79e1de83e954871985afe", upload-time = "2026-03-23T15:16:50Z" },
    { url = "https://download-r2.pytorch.org/whl/cpu/torch-2.11.0-cp311-cp311-macosx_11_0_arm64.whl", hash = "sha256:d75eadcd97fe0dc7cd0eedc4d72152484c19cb2cfe46ce55766c8e129116425f", upload-time = "2026-03-23T15:16:54Z" },
    { url = "https://download-r2.pytorch.org/whl/cpu/torch-2.11.0-cp312-cp312-macosx_11_0_arm64.whl", hash = "sha256:43b35116802c85fb88d99f4a396b8bd4472bfca1dd82e69499e5a4f9b8b4e252", upload-time = "2026-03-23T15:16:58Z" },
    { url = "https://download-r2.pytorch.org/whl/cpu/torch-2.11.0-cp313-cp313-macosx_11_0_arm64.whl", hash = "sha256:442ec9dc78592564fdad69cf0beaa9da2f82ab810ccb4f13903869a90bf3f15d", upload-time = "2026-03-23T15:17:02Z" },
    { url = "https://download-r2.pytorch.org/whl/cpu/torch-2.11.0-cp313-cp313t-macosx_11_0_arm64.whl", hash = "sha256:cc3a195701bba2239c313ee311487f80f8aaebe9e89b9073dddbcf2f93b5a0ba", upload-time = "2026-03-23T15:17:06Z" },
    { url = "https://download-r2.pytorch.org/whl/cpu/torch-2.11.0-cp314-cp314-macosx_11_0_arm64.whl", hash = "sha256:072a0d6e4865e8b0dc0dbfe6ebed68fae235124222835ef03e5814d414d8c012", upload-time = "2026-03-23T15:17:10Z" },
    { url = "https://download-r2.pytorch.org/whl/cpu/torch-2.11.0-cp314-cp314t-macosx_11_0_arm64.whl", hash = "sha256:23ec7789017da9d95b6d543d790814785e6f30905c5443efa8257d1490d73f79", upload-time = "2026-03-23T15:17:14Z" },
]

[[package]]
name = "torch"
version = "2.11.0+cpu"
source = { registry = "https://download.pytorch.org/whl/cpu" }
resolution-markers = [
    "python_full_version >= '3.11' and sys_platform != 'darwin'",
    "python_full_version < '3.11' and sys_platform != 'darwin'",
]
dependencies = [
    { name = "filelock", marker = "sys_platform != 'darwin'" },
    { name = "fsspec", marker = "sys_platform != 'darwin'" },
    { name = "jinja2", marker = "sys_platform != 'darwin'" },
    { name = "networkx", version = "3.4.2", source = { registry = "https://download.pytorch.org/whl/cpu" }, marker = "python_full_version < '3.11' and sys_platform != 'darwin'" },
    { name = "networkx", version = "3.6.1", source = { registry = "https://download.pytorch.org/whl/cpu" }, marker = "python_full_version >= '3.11' and sys_platform != 'darwin'" },
    { name = "setuptools", marker = "sys_platform != 'darwin'" },
    { name = "sympy", marker = "sys_platform != 'darwin'" },
    { name = "typing-extensions", marker = "sys_platform != 'darwin'" },
]
wheels = [
    { url = "https://download-r2.pytorch.org/whl/cpu/torch-2.11.0%2Bcpu-cp310-cp310-linux_s390x.whl", hash = "sha256:3d8a7789e61dbf11f8922672c43354614b9b0debd40899c0a94f1ad9e0bd6bd9", upload-time = "2026-04-27T21:55:13Z" },
    { url = "https://download-r2.pytorch.org/whl/cpu/torch-2.11.0%2Bcpu-cp310-cp310-manylinux_2_28_aarch64.whl", hash = "sha256:c7dbae3a5cd0a4a3eab760742b9be3bd79282259488cf83176197cef31ce1610", upload-time = "2026-04-27T21:55:20Z" },
    { url = "https://download-r2.pytorch.org/whl/cpu/torch-2.11.0%2Bcpu-cp310-cp310-manylinux_2_28_x86_64.whl", hash = "sha256:f378df648bf7fb94bbc820dfec37d3d346bd1703c692a2215edebf6edcef8b75", upload-time = "2026-04-27T21:55:27Z" },
    { url = "https://download-r2.pytorch.org/whl/cpu/torch-2.11.0%2Bcpu-cp310-cp310-win_amd64.whl", hash = "sha256:fe708aa0c1df5cce9962df806065534ae9af5eb29ee6145a705176266427c931", upload-time = "2026-04-27T21:55:35Z" },
    { url = "https://download-r2.pytorch.org/whl/cpu/torch-2.11.0%2Bcpu-cp311-cp311-linux_s390x.whl", hash = "sha256:5214b203ee187f8746c66f1378b72611b7c1e15c5cb325037541899e705ea24e", upload-time = "2026-04-27T21:55:40Z" },
    { url = "https://download-r2.pytorch.org/whl/cpu/torch-2.11.0%2Bcpu-cp311-cp311-manylinux_2_28_aarch64.whl", hash = "sha256:46fbb0aa257bb781efbfad648f5b045c0e232573b661f1461593db61342e9096", upload-time = "2026-04-28T00:05:38Z" },
    { url = "https://download-r2.pytorch.org/whl/cpu/torch-2.11.0%2Bcpu-cp311-cp311-manylinux_2_28_x86_64.whl", hash = "sha256:8a56a8c95531ef0e454510ba8bbd9d11dc7a9000337265210b10f6bfeacdd485", upload-time = "2026-04-28T00:05:47Z" },
    { url = "https://download-r2.pytorch.org/whl/cpu/torch-2.11.0%2Bcpu-cp311-cp311-win_amd64.whl", hash = "sha256:51a221769d4a316f4b47a786c12e67c3f4807db8ed13c7b8817ebe73786acbbc", upload-time = "2026-04-28T00:06:00Z" },
    { url = "https://download-r2.pytorch.org/whl/cpu/torch-2.11.0%2Bcpu-cp312-cp312-linux_s390x.whl", hash = "sha256:2db3ae5404e32cb42b5fcbd94f13607761eaec0cf1687fde95095289d1e26cfb", upload-time = "2026-04-28T00:06:06Z" },
    { url = "https://download-r2.pytorch.org/whl/cpu/torch-2.11.0%2Bcpu-cp312-cp312-manylinux_2_28_aarch64.whl", hash = "sha256:70ecb2659af6373b7c5336e692e665605b0201ea21ff51aaea47e1d75ea6b5aa", upload-time = "2026-04-28T00:06:14Z" },
    { url = "https://download-r2.pytorch.org/whl/cpu/torch-2.11.0%2Bcpu-cp312-cp312-manylinux_2_28_x86_64.whl", hash = "sha256:f82e2ae20c1545bb03997d1cc3143d94e14b800038669ee1aca45808a9acc338", upload-time = "2026-04-28T00:06:24Z" },
    { url = "https://download-r2.pytorch.org/whl/cpu/torch-2.11.0%2Bcpu-cp312-cp312-win_amd64.whl", hash = "sha256:1abeaa46fa7532ed35ed79146f4de5d7a9d4b30462c98052ea4ddfe781ea3eca", upload-time = "2026-04-28T00:06:34Z" },
    { url = "https://download-r2.pytorch.org/whl/cpu/torch-2.11.0%2Bcpu-cp313-cp313-linux_s390x.whl", hash = "sha256:d1eff25ccc454faf21c9666c81bfab8e405e87c12d300708d4559620bc191a36", upload-time = "2026-04-28T00:06:42Z" },
    { url = "https://download-r2.pytorch.org/whl/cpu/torch-2.11.0%2Bcpu-cp313-cp313-manylinux_2_28_aarch64.whl", hash = "sha256:48b3e21a311445acdd0b27f13830e21d93adef70d4721e051e9f059baeb9b8f9", upload-time = "2026-04-28T00:06:51Z" },
    { url = "https://download-r2.pytorch.org/whl/cpu/torch-2.11.0%2Bcpu-cp313-cp313-manylinux_2_28_x86_64.whl", hash = "sha256:45025d7752dbc6b4c784c03afaee9c5f19730ce084b2e43fc9a2fe1677d9ff86", upload-time = "2026-04-28T00:07:02Z" },
    { url = "https://download-r2.pytorch.org/whl/cpu/torch-2.11.0%2Bcpu-cp313-cp313-win_amd64.whl", hash = "sha256:ed70d4a4fc9f8b826c02fa1a9800a83820fb2fa6ae607680b53390f9ef394d85", upload-time = "2026-04-28T00:07:12Z" },
    { url = "https://download-r2.pytorch.org/whl/cpu/torch-2.11.0%2Bcpu-cp313-cp313t-linux_s390x.whl", hash = "sha256:65d427a196ab0abe359b93c5bffedd76ded02df2b1b1d2d9f11a2609b69f426a", upload-time = "2026-04-28T00:07:19Z" },
    { url = "https://download-r2.pytorch.org/whl/cpu/torch-2.11.0%2Bcpu-cp313-cp313t-manylinux_2_28_aarch64.whl", hash = "sha256:8f13dc7075ae04ca5f876a9f40b4e47522a04c23e30824b4409f42a3f3e57aa4", upload-time = "2026-04-28T00:07:27Z" },
    { url = "https://download-r2.pytorch.org/whl/cpu/torch-2.11.0%2Bcpu-cp313-cp313t-manylinux_2_28_x86_64.whl", hash = "sha256:8713bb8679376ea0ec25742100b6cfb8447e0904c48bddefb9eb0ac1abbfa60a", upload-time = "2026-04-28T00:07:37Z" },
    { url = "https://download-r2.pytorch.org/whl/cpu/torch-2.11.0%2Bcpu-cp313-cp313t-win_amd64.whl", hash = "sha256:62ec1f1694c185f601eab74eb7fc0e8e10c64c06ae82f13c3592774c231c4877", upload-time = "2026-04-28T00:07:47Z" },
    { url = "https://download-r2.pytorch.org/whl/cpu/torch-2.11.0%2Bcpu-cp314-cp314-linux_s390x.whl", hash = "sha256:c9a14c367f470623b978e273a4e1915995b4ba7a0ae999178b06c273eea3536f", upload-time = "2026-04-28T00:07:54Z" },
    { url = "https://download-r2.pytorch.org/whl/cpu/torch-2.11.0%2Bcpu-cp314-cp314-manylinux_2_28_aarch64.whl", hash = "sha256:71676f6a9a84bbd385e010198b51fa1c2324fb8f3c512a32d2c81af65f68f4c9", upload-time = "2026-04-28T00:08:02Z" },
    { url = "https://download-r2.pytorch.org/whl/cpu/torch-2.11.0%2Bcpu-cp314-cp314-manylinux_2_28_x86_64.whl", hash = "sha256:f8481ea9088e4e5b81178a75aabdbb658bde8639bc1a15fd5d8f930abc966735", upload-time = "2026-04-28T00:08:11Z" },
    { url = "https://download-r2.pytorch.org/whl/cpu/torch-2.11.0%2Bcpu-cp314-cp314-win_amd64.whl", hash = "sha256:7575af4c9f7f7500ed62b1dafeb069aa0ba35b368a5f09793b3976b3d50f4fe4", upload-time = "2026-04-28T00:08:20Z" },
    { url = "https://download-r2.pytorch.org/whl/cpu/torch-2.11.0%2Bcpu-cp314-cp314t-linux_s390x.whl", hash = "sha256:825f1596878280a3a4c861441674888bc2d792e4ab7b045cb35feeab3f4f5dd7", upload-time = "2026-04-28T00:08:27Z" },
    { url = "https://download-r2.pytorch.org/whl/cpu/torch-2.11.0%2Bcpu-cp314-cp314t-manylinux_2_28_aarch64.whl", hash = "sha256:c8a0bdfb2fd915b6c2cd27c856f63f729c366a4917772eba6b2b02aa3bce70d5", upload-time = "2026-04-28T00:08:36Z" },
    { url = "https://download-r2.pytorch.org/whl/cpu/torch-2.11.0%2Bcpu-cp314-cp314t-manylinux_2_28_x86_64.whl", hash = "sha256:768f22924a25cad2adeb9c6cbac5159e71067c8d4019b1511960d7435a5ca652", upload-time = "2026-04-28T00:08:47Z" },
    { url = "https://download-r2.pytorch.org/whl/cpu/torch-2.11.0%2Bcpu-cp314-cp314t-win_amd64.whl", hash = "sha256:6db45e7b2526d996fbf47c3d08737807a60a4e17996a6d91a97027fe260832c8", upload-time = "2026-04-28T00:08:57Z" },
]

[[package]]
name = "typing-extensions"
version = "4.15.0"
source = { registry = "https://download.pytorch.org/whl/cpu" }
wheels = [
    { url = "https://download.pytorch.org/whl/typing_extensions-4.15.0-py3-none-any.whl" },
]
